
Microsoft Visual Studio Solution File, Format Version 12.00
# Visual Studio Version 17
VisualStudioVersion = 17.2.32630.192
MinimumVisualStudioVersion = 10.0.40219.1
Project("{FAE04EC0-301F-11D3-BF4B-00C04F79EFBC}") = "RewardsCalculator", "RewardsCalculator\RewardsCalculator.csproj", "{86CA7A0F-6F38-4C41-BDD2-C20BF9C84EBC}"
EndProject
Global
	GlobalSection(SolutionConfigurationPlatforms) = preSolution
		Debug|Any CPU = Debug|Any CPU
		Release|Any CPU = Release|Any CPU
	EndGlobalSection
	GlobalSection(ProjectConfigurationPlatforms) = postSolution
		{86CA7A0F-6F38-4C41-BDD2-C20BF9C84EBC}.Debug|Any CPU.ActiveCfg = Debug|Any CPU
		{86CA7A0F-6F38-4C41-BDD2-C20BF9C84EBC}.Debug|Any CPU.Build.0 = Debug|Any CPU
		{86CA7A0F-6F38-4C41-BDD2-C20BF9C84EBC}.Release|Any CPU.ActiveCfg = Release|Any CPU
		{86CA7A0F-6F38-4C41-BDD2-C20BF9C84EBC}.Release|Any CPU.Build.0 = Release|Any CPU
	EndGlobalSection
	GlobalSection(SolutionProperties) = preSolution
		HideSolutionNode = FALSE
	EndGlobalSection
	GlobalSection(ExtensibilityGlobals) = postSolution
		SolutionGuid = {D0CED420-2653-481D-A31A-3440A1FCC0F1}
	EndGlobalSection
EndGlobal
